
Microsoft Visual Studio Solution File, Format Version 12.00
Project("{F2A71F9B-5D33-465A-A702-920D77279786}") = "Exam2023", "Exam2023\Exam2023.fsproj", "{7528B5BB-0C94-4448-95AB-C09FA8BFE6AC}"
EndProject
Project("{F2A71F9B-5D33-465A-A702-920D77279786}") = "ExamRe2023", "ExamRe2023\ExamRe2023.fsproj", "{A28A5CBC-B411-42EF-8D03-85A5B9864EA2}"
EndProject
Project("{F2A71F9B-5D33-465A-A702-920D77279786}") = "Exam2022", "Exam2022\Exam2022.fsproj", "{9339EF50-07F2-42BE-B97C-FDECF0BC1365}"
EndProject
Project("{F2A71F9B-5D33-465A-A702-920D77279786}") = "ExamRe2022", "ExamRe2022\ExamRe2022.fsproj", "{615A5F75-DE2B-4BB8-AEA7-C724F8E0A20A}"
EndProject
Project("{F2A71F9B-5D33-465A-A702-920D77279786}") = "Exam2021", "Exam2021\Exam2021.fsproj", "{FBCE0A63-C882-4309-871E-E537BAFD9FD1}"
EndProject
Project("{F2A71F9B-5D33-465A-A702-920D77279786}") = "ExamRe2021", "ExamRe2021\ExamRe2021.fsproj", "{44F510BE-8F97-4CFB-B4FF-2EB9CC26382E}"
EndProject
Global
	GlobalSection(SolutionConfigurationPlatforms) = preSolution
		Debug|Any CPU = Debug|Any CPU
		Release|Any CPU = Release|Any CPU
	EndGlobalSection
	GlobalSection(ProjectConfigurationPlatforms) = postSolution
		{7528B5BB-0C94-4448-95AB-C09FA8BFE6AC}.Debug|Any CPU.ActiveCfg = Debug|Any CPU
		{7528B5BB-0C94-4448-95AB-C09FA8BFE6AC}.Debug|Any CPU.Build.0 = Debug|Any CPU
		{7528B5BB-0C94-4448-95AB-C09FA8BFE6AC}.Release|Any CPU.ActiveCfg = Release|Any CPU
		{7528B5BB-0C94-4448-95AB-C09FA8BFE6AC}.Release|Any CPU.Build.0 = Release|Any CPU
		{A28A5CBC-B411-42EF-8D03-85A5B9864EA2}.Debug|Any CPU.ActiveCfg = Debug|Any CPU
		{A28A5CBC-B411-42EF-8D03-85A5B9864EA2}.Debug|Any CPU.Build.0 = Debug|Any CPU
		{A28A5CBC-B411-42EF-8D03-85A5B9864EA2}.Release|Any CPU.ActiveCfg = Release|Any CPU
		{A28A5CBC-B411-42EF-8D03-85A5B9864EA2}.Release|Any CPU.Build.0 = Release|Any CPU
		{9339EF50-07F2-42BE-B97C-FDECF0BC1365}.Debug|Any CPU.ActiveCfg = Debug|Any CPU
		{9339EF50-07F2-42BE-B97C-FDECF0BC1365}.Debug|Any CPU.Build.0 = Debug|Any CPU
		{9339EF50-07F2-42BE-B97C-FDECF0BC1365}.Release|Any CPU.ActiveCfg = Release|Any CPU
		{9339EF50-07F2-42BE-B97C-FDECF0BC1365}.Release|Any CPU.Build.0 = Release|Any CPU
		{615A5F75-DE2B-4BB8-AEA7-C724F8E0A20A}.Debug|Any CPU.ActiveCfg = Debug|Any CPU
		{615A5F75-DE2B-4BB8-AEA7-C724F8E0A20A}.Debug|Any CPU.Build.0 = Debug|Any CPU
		{615A5F75-DE2B-4BB8-AEA7-C724F8E0A20A}.Release|Any CPU.ActiveCfg = Release|Any CPU
		{615A5F75-DE2B-4BB8-AEA7-C724F8E0A20A}.Release|Any CPU.Build.0 = Release|Any CPU
		{FBCE0A63-C882-4309-871E-E537BAFD9FD1}.Debug|Any CPU.ActiveCfg = Debug|Any CPU
		{FBCE0A63-C882-4309-871E-E537BAFD9FD1}.Debug|Any CPU.Build.0 = Debug|Any CPU
		{FBCE0A63-C882-4309-871E-E537BAFD9FD1}.Release|Any CPU.ActiveCfg = Release|Any CPU
		{FBCE0A63-C882-4309-871E-E537BAFD9FD1}.Release|Any CPU.Build.0 = Release|Any CPU
		{44F510BE-8F97-4CFB-B4FF-2EB9CC26382E}.Debug|Any CPU.ActiveCfg = Debug|Any CPU
		{44F510BE-8F97-4CFB-B4FF-2EB9CC26382E}.Debug|Any CPU.Build.0 = Debug|Any CPU
		{44F510BE-8F97-4CFB-B4FF-2EB9CC26382E}.Release|Any CPU.ActiveCfg = Release|Any CPU
		{44F510BE-8F97-4CFB-B4FF-2EB9CC26382E}.Release|Any CPU.Build.0 = Release|Any CPU
	EndGlobalSection
	GlobalSection(NestedProjects) = preSolution
	EndGlobalSection
EndGlobal
